# This file is automatically @generated by Cargo.
# It is not intended for manual editing.
version = 4

[[package]]
name = "shardloom-cli"
version = "0.1.0"
dependencies = [
 "shardloom-exec",
]

[[package]]
name = "shardloom-core"
version = "0.1.0"

[[package]]
name = "shardloom-exec"
version = "0.1.0"
dependencies = [
 "shardloom-core",
 "shardloom-plan",
 "shardloom-vortex",
]

[[package]]
name = "shardloom-plan"
version = "0.1.0"
dependencies = [
 "shardloom-core",
]

[[package]]
name = "shardloom-vortex"
version = "0.1.0"
dependencies = [
 "shardloom-core",
]
